
Microsoft Visual Studio Solution File, Format Version 11.00
# Visual Studio 2010
Project("{FAE04EC0-301F-11D3-BF4B-00C04F79EFBC}") = "Names.Domain", "Names.Domain\Names.Domain.csproj", "{93DCA948-17EA-4C4F-8E07-F5A3C03A301C}"
EndProject
Project("{FAE04EC0-301F-11D3-BF4B-00C04F79EFBC}") = "Names.Domain.Test", "Names.Domain.Test\Names.Domain.Test.csproj", "{3DEF9891-95BC-4000-A6C4-E92958D20441}"
EndProject
Global
	GlobalSection(SolutionConfigurationPlatforms) = preSolution
		Debug|Any CPU = Debug|Any CPU
		Release|Any CPU = Release|Any CPU
	EndGlobalSection
	GlobalSection(ProjectConfigurationPlatforms) = postSolution
		{93DCA948-17EA-4C4F-8E07-F5A3C03A301C}.Debug|Any CPU.ActiveCfg = Debug|Any CPU
		{93DCA948-17EA-4C4F-8E07-F5A3C03A301C}.Debug|Any CPU.Build.0 = Debug|Any CPU
		{93DCA948-17EA-4C4F-8E07-F5A3C03A301C}.Release|Any CPU.ActiveCfg = Release|Any CPU
		{93DCA948-17EA-4C4F-8E07-F5A3C03A301C}.Release|Any CPU.Build.0 = Release|Any CPU
		{3DEF9891-95BC-4000-A6C4-E92958D20441}.Debug|Any CPU.ActiveCfg = Debug|Any CPU
		{3DEF9891-95BC-4000-A6C4-E92958D20441}.Debug|Any CPU.Build.0 = Debug|Any CPU
		{3DEF9891-95BC-4000-A6C4-E92958D20441}.Release|Any CPU.ActiveCfg = Release|Any CPU
		{3DEF9891-95BC-4000-A6C4-E92958D20441}.Release|Any CPU.Build.0 = Release|Any CPU
	EndGlobalSection
	GlobalSection(SolutionProperties) = preSolution
		HideSolutionNode = FALSE
	EndGlobalSection
EndGlobal
